// !$*UTF8*$!
{
	archiveVersion = 1;
	classes = {
	};
	objectVersion = 48;
	objects = {

/* Begin PBXBuildFile section */
		36A2FD49203C537100AFB55F /* AppDelegate.swift in Sources */ = {isa = PBXBuildFile; fileRef = 36A2FD48203C537100AFB55F /* AppDelegate.swift */; };
		36A2FD4B203C537100AFB55F /* art.scnassets in Resources */ = {isa = PBXBuildFile; fileRef = 36A2FD4A203C537100AFB55F /* art.scnassets */; };
		36A2FD4D203C537100AFB55F /* ViewController.swift in Sources */ = {isa = PBXBuildFile; fileRef = 36A2FD4C203C537100AFB55F /* ViewController.swift */; };
		36A2FD50203C537100AFB55F /* Main.storyboard in Resources */ = {isa = PBXBuildFile; fileRef = 36A2FD4E203C537100AFB55F /* Main.storyboard */; };
		36A2FD52203C537100AFB55F /* Assets.xcassets in Resources */ = {isa = PBXBuildFile; fileRef = 36A2FD51203C537100AFB55F /* Assets.xcassets */; };
		36A2FD55203C537100AFB55F /* LaunchScreen.storyboard in Resources */ = {isa = PBXBuildFile; fileRef = 36A2FD53203C537100AFB55F /* LaunchScreen.storyboard */; };
		36A2FD60203C537100AFB55F /* ARPlanetsTests.swift in Sources */ = {isa = PBXBuildFile; fileRef = 36A2FD5F203C537100AFB55F /* ARPlanetsTests.swift */; };
		36A2FD6B203C537100AFB55F /* ARPlanetsUITests.swift in Sources */ = {isa = PBXBuildFile; fileRef = 36A2FD6A203C537100AFB55F /* ARPlanetsUITests.swift */; };
/* End PBXBuildFile section */

/* Begin PBXContainerItemProxy section */
		36A2FD5C203C537100AFB55F /* PBXContainerItemProxy */ = {
			isa = PBXContainerItemProxy;
			containerPortal = 36A2FD3D203C537000AFB55F /* Project object */;
			proxyType = 1;
			remoteGlobalIDString = 36A2FD44203C537000AFB55F;
			remoteInfo = ARPlanets;
		};
		36A2FD67203C537100AFB55F /* PBXContainerItemProxy */ = {
			isa = PBXContainerItemProxy;
			containerPortal = 36A2FD3D203C537000AFB55F /* Project object */;
			proxyType = 1;
			remoteGlobalIDString = 36A2FD44203C537000AFB55F;
			remoteInfo = ARPlanets;
		};
/* End PBXContainerItemProxy section */

/* Begin PBXFileReference section */
		36A2FD45203C537000AFB55F /* ARPlanets.app */ = {isa = PBXFileReference; explicitFileType = wrapper.application; includeInIndex = 0; path = ARPlanets.app; sourceTree = BUILT_PRODUCTS_DIR; };
		36A2FD48203C537100AFB55F /* AppDelegate.swift */ = {isa = PBXFileReference; lastKnownFileType = sourcecode.swift; path = AppDelegate.swift; sourceTree = "<group>"; };
		36A2FD4A203C537100AFB55F /* art.scnassets */ = {isa = PBXFileReference; lastKnownFileType = wrapper.scnassets; path = art.scnassets; sourceTree = "<group>"; };
		36A2FD4C203C537100AFB55F /* ViewController.swift */ = {isa = PBXFileReference; lastKnownFileType = sourcecode.swift; path = ViewController.swift; sourceTree = "<group>"; };
		36A2FD4F203C537100AFB55F /* Base */ = {isa = PBXFileReference; lastKnownFileType = file.storyboard; name = Base; path = Base.lproj/Main.storyboard; sourceTree = "<group>"; };
		36A2FD51203C537100AFB55F /* Assets.xcassets */ = {isa = PBXFileReference; lastKnownFileType = folder.assetcatalog; path = Assets.xcassets; sourceTree = "<group>"; };
		36A2FD54203C537100AFB55F /* Base */ = {isa = PBXFileReference; lastKnownFileType = file.storyboard; name = Base; path = Base.lproj/LaunchScreen.storyboard; sourceTree = "<group>"; };
		36A2FD56203C537100AFB55F /* Info.plist */ = {isa = PBXFileReference; lastKnownFileType = text.plist.xml; path = Info.plist; sourceTree = "<group>"; };
		36A2FD5B203C537100AFB55F /* ARPlanetsTests.xctest */ = {isa = PBXFileReference; explicitFileType = wrapper.cfbundle; includeInIndex = 0; path = ARPlanetsTests.xctest; sourceTree = BUILT_PRODUCTS_DIR; };
		36A2FD5F203C537100AFB55F /* ARPlanetsTests.swift */ = {isa = PBXFileReference; lastKnownFileType = sourcecode.swift; path = ARPlanetsTests.swift; sourceTree = "<group>"; };
		36A2FD61203C537100AFB55F /* Info.plist */ = {isa = PBXFileReference; lastKnownFileType = text.plist.xml; path = Info.plist; sourceTree = "<group>"; };
		36A2FD66203C537100AFB55F /* ARPlanetsUITests.xctest */ = {isa = PBXFileReference; explicitFileType = wrapper.cfbundle; includeInIndex = 0; path = ARPlanetsUITests.xctest; sourceTree = BUILT_PRODUCTS_DIR; };
		36A2FD6A203C537100AFB55F /* ARPlanetsUITests.swift */ = {isa = PBXFileReference; lastKnownFileType = sourcecode.swift; path = ARPlanetsUITests.swift; sourceTree = "<group>"; };
		36A2FD6C203C537100AFB55F /* Info.plist */ = {isa = PBXFileReference; lastKnownFileType = text.plist.xml; path = Info.plist; sourceTree = "<group>"; };
/* End PBXFileReference section */

/* Begin PBXFrameworksBuildPhase section */
		36A2FD42203C537000AFB55F /* Frameworks */ = {
			isa = PBXFrameworksBuildPhase;
			buildActionMask = 2147483647;
			files = (
			);
			runOnlyForDeploymentPostprocessing = 0;
		};
		36A2FD58203C537100AFB55F /* Frameworks */ = {
			isa = PBXFrameworksBuildPhase;
			buildActionMask = 2147483647;
			files = (
			);
			runOnlyForDeploymentPostprocessing = 0;
		};
		36A2FD63203C537100AFB55F /* Frameworks */ = {
			isa = PBXFrameworksBuildPhase;
			buildActionMask = 2147483647;
			files = (
			);
			runOnlyForDeploymentPostprocessing = 0;
		};
/* End PBXFrameworksBuildPhase section */

/* Begin PBXGroup section */
		36A2FD3C203C537000AFB55F = {
			isa = PBXGroup;
			children = (
				36A2FD47203C537000AFB55F /* ARPlanets */,
				36A2FD5E203C537100AFB55F /* ARPlanetsTests */,
				36A2FD69203C537100AFB55F /* ARPlanetsUITests */,
				36A2FD46203C537000AFB55F /* Products */,
			);
			sourceTree = "<group>";
		};
		36A2FD46203C537000AFB55F /* Products */ = {
			isa = PBXGroup;
			children = (
				36A2FD45203C537000AFB55F /* ARPlanets.app */,
				36A2FD5B203C537100AFB55F /* ARPlanetsTests.xctest */,
				36A2FD66203C537100AFB55F /* ARPlanetsUITests.xctest */,
			);
			name = Products;
			sourceTree = "<group>";
		};
		36A2FD47203C537000AFB55F /* ARPlanets */ = {
			isa = PBXGroup;
			children = (
				36A2FD48203C537100AFB55F /* AppDelegate.swift */,
				36A2FD4A203C537100AFB55F /* art.scnassets */,
				36A2FD4C203C537100AFB55F /* ViewController.swift */,
				36A2FD4E203C537100AFB55F /* Main.storyboard */,
				36A2FD51203C537100AFB55F /* Assets.xcassets */,
				36A2FD53203C537100AFB55F /* LaunchScreen.storyboard */,
				36A2FD56203C537100AFB55F /* Info.plist */,
			);
			path = ARPlanets;
			sourceTree = "<group>";
		};
		36A2FD5E203C537100AFB55F /* ARPlanetsTests */ = {
			isa = PBXGroup;
			children = (
				36A2FD5F203C537100AFB55F /* ARPlanetsTests.swift */,
				36A2FD61203C537100AFB55F /* Info.plist */,
			);
			path = ARPlanetsTests;
			sourceTree = "<group>";
		};
		36A2FD69203C537100AFB55F /* ARPlanetsUITests */ = {
			isa = PBXGroup;
			children = (
				36A2FD6A203C537100AFB55F /* ARPlanetsUITests.swift */,
				36A2FD6C203C537100AFB55F /* Info.plist */,
			);
			path = ARPlanetsUITests;
			sourceTree = "<group>";
		};
/* End PBXGroup section */

/* Begin PBXNativeTarget section */
		36A2FD44203C537000AFB55F /* ARPlanets */ = {
			isa = PBXNativeTarget;
			buildConfigurationList = 36A2FD6F203C537100AFB55F /* Build configuration list for PBXNativeTarget "ARPlanets" */;
			buildPhases = (
				36A2FD41203C537000AFB55F /* Sources */,
				36A2FD42203C537000AFB55F /* Frameworks */,
				36A2FD43203C537000AFB55F /* Resources */,
			);
			buildRules = (
			);
			dependencies = (
			);
			name = ARPlanets;
			productName = ARPlanets;
			productReference = 36A2FD45203C537000AFB55F /* ARPlanets.app */;
			productType = "com.apple.product-type.application";
		};
		36A2FD5A203C537100AFB55F /* ARPlanetsTests */ = {
			isa = PBXNativeTarget;
			buildConfigurationList = 36A2FD72203C537100AFB55F /* Build configuration list for PBXNativeTarget "ARPlanetsTests" */;
			buildPhases = (
				36A2FD57203C537100AFB55F /* Sources */,
				36A2FD58203C537100AFB55F /* Frameworks */,
				36A2FD59203C537100AFB55F /* Resources */,
			);
			buildRules = (
			);
			dependencies = (
				36A2FD5D203C537100AFB55F /* PBXTargetDependency */,
			);
			name = ARPlanetsTests;
			productName = ARPlanetsTests;
			productReference = 36A2FD5B203C537100AFB55F /* ARPlanetsTests.xctest */;
			productType = "com.apple.product-type.bundle.unit-test";
		};
		36A2FD65203C537100AFB55F /* ARPlanetsUITests */ = {
			isa = PBXNativeTarget;
			buildConfigurationList = 36A2FD75203C537100AFB55F /* Build configuration list for PBXNativeTarget "ARPlanetsUITests" */;
			buildPhases = (
				36A2FD62203C537100AFB55F /* Sources */,
				36A2FD63203C537100AFB55F /* Frameworks */,
				36A2FD64203C537100AFB55F /* Resources */,
			);
			buildRules = (
			);
			dependencies = (
				36A2FD68203C537100AFB55F /* PBXTargetDependency */,
			);
			name = ARPlanetsUITests;
			productName = ARPlanetsUITests;
			productReference = 36A2FD66203C537100AFB55F /* ARPlanetsUITests.xctest */;
			productType = "com.apple.product-type.bundle.ui-testing";
		};
/* End PBXNativeTarget section */

/* Begin PBXProject section */
		36A2FD3D203C537000AFB55F /* Project object */ = {
			isa = PBXProject;
			attributes = {
				LastSwiftUpdateCheck = 0910;
				LastUpgradeCheck = 0910;
				ORGANIZATIONNAME = "Soumya Shukla";
				TargetAttributes = {
					36A2FD44203C537000AFB55F = {
						CreatedOnToolsVersion = 9.1;
						ProvisioningStyle = Automatic;
					};
					36A2FD5A203C537100AFB55F = {
						CreatedOnToolsVersion = 9.1;
						ProvisioningStyle = Automatic;
						TestTargetID = 36A2FD44203C537000AFB55F;
					};
					36A2FD65203C537100AFB55F = {
						CreatedOnToolsVersion = 9.1;
						ProvisioningStyle = Automatic;
						TestTargetID = 36A2FD44203C537000AFB55F;
					};
				};
			};
			buildConfigurationList = 36A2FD40203C537000AFB55F /* Build configuration list for PBXProject "ARPlanets" */;
			compatibilityVersion = "Xcode 8.0";
			developmentRegion = en;
			hasScannedForEncodings = 0;
			knownRegions = (
				en,
				Base,
			);
			mainGroup = 36A2FD3C203C537000AFB55F;
			productRefGroup = 36A2FD46203C537000AFB55F /* Products */;
			projectDirPath = "";
			projectRoot = "";
			targets = (
				36A2FD44203C537000AFB55F /* ARPlanets */,
				36A2FD5A203C537100AFB55F /* ARPlanetsTests */,
				36A2FD65203C537100AFB55F /* ARPlanetsUITests */,
			);
		};
/* End PBXProject section */

/* Begin PBXResourcesBuildPhase section */
		36A2FD43203C537000AFB55F /* Resources */ = {
			isa = PBXResourcesBuildPhase;
			buildActionMask = 2147483647;
			files = (
				36A2FD4B203C537100AFB55F /* art.scnassets in Resources */,
				36A2FD55203C537100AFB55F /* LaunchScreen.storyboard in Resources */,
				36A2FD52203C537100AFB55F /* Assets.xcassets in Resources */,
				36A2FD50203C537100AFB55F /* Main.storyboard in Resources */,
			);
			runOnlyForDeploymentPostprocessing = 0;
		};
		36A2FD59203C537100AFB55F /* Resources */ = {
			isa = PBXResourcesBuildPhase;
			buildActionMask = 2147483647;
			files = (
			);
			runOnlyForDeploymentPostprocessing = 0;
		};
		36A2FD64203C537100AFB55F /* Resources */ = {
			isa = PBXResourcesBuildPhase;
			buildActionMask = 2147483647;
			files = (
			);
			runOnlyForDeploymentPostprocessing = 0;
		};
/* End PBXResourcesBuildPhase section */

/* Begin PBXSourcesBuildPhase section */
		36A2FD41203C537000AFB55F /* Sources */ = {
			isa = PBXSourcesBuildPhase;
			buildActionMask = 2147483647;
			files = (
				36A2FD4D203C537100AFB55F /* ViewController.swift in Sources */,
				36A2FD49203C537100AFB55F /* AppDelegate.swift in Sources */,
			);
			runOnlyForDeploymentPostprocessing = 0;
		};
		36A2FD57203C537100AFB55F /* Sources */ = {
			isa = PBXSourcesBuildPhase;
			buildActionMask = 2147483647;
			files = (
				36A2FD60203C537100AFB55F /* ARPlanetsTests.swift in Sources */,
			);
			runOnlyForDeploymentPostprocessing = 0;
		};
		36A2FD62203C537100AFB55F /* Sources */ = {
			isa = PBXSourcesBuildPhase;
			buildActionMask = 2147483647;
			files = (
				36A2FD6B203C537100AFB55F /* ARPlanetsUITests.swift in Sources */,
			);
			runOnlyForDeploymentPostprocessing = 0;
		};
/* End PBXSourcesBuildPhase section */

/* Begin PBXTargetDependency section */
		36A2FD5D203C537100AFB55F /* PBXTargetDependency */ = {
			isa = PBXTargetDependency;
			target = 36A2FD44203C537000AFB55F /* ARPlanets */;
			targetProxy = 36A2FD5C203C537100AFB55F /* PBXContainerItemProxy */;
		};
		36A2FD68203C537100AFB55F /* PBXTargetDependency */ = {
			isa = PBXTargetDependency;
			target = 36A2FD44203C537000AFB55F /* ARPlanets */;
			targetProxy = 36A2FD67203C537100AFB55F /* PBXContainerItemProxy */;
		};
/* End PBXTargetDependency section */

/* Begin PBXVariantGroup section */
		36A2FD4E203C537100AFB55F /* Main.storyboard */ = {
			isa = PBXVariantGroup;
			children = (
				36A2FD4F203C537100AFB55F /* Base */,
			);
			name = Main.storyboard;
			sourceTree = "<group>";
		};
		36A2FD53203C537100AFB55F /* LaunchScreen.storyboard */ = {
			isa = PBXVariantGroup;
			children = (
				36A2FD54203C537100AFB55F /* Base */,
			);
			name = LaunchScreen.storyboard;
			sourceTree = "<group>";
		};
/* End PBXVariantGroup section */

/* Begin XCBuildConfiguration section */
		36A2FD6D203C537100AFB55F /* Debug */ = {
			isa = XCBuildConfiguration;
			buildSettings = {
				ALWAYS_SEARCH_USER_PATHS = NO;
				CLANG_ANALYZER_NONNULL = YES;
				CLANG_ANALYZER_NUMBER_OBJECT_CONVERSION = YES_AGGRESSIVE;
				CLANG_CXX_LANGUAGE_STANDARD = "gnu++14";
				CLANG_CXX_LIBRARY = "libc++";
				CLANG_ENABLE_MODULES = YES;
				CLANG_ENABLE_OBJC_ARC = YES;
				CLANG_WARN_BLOCK_CAPTURE_AUTORELEASING = YES;
				CLANG_WARN_BOOL_CONVERSION = YES;
				CLANG_WARN_COMMA = YES;
				CLANG_WARN_CONSTANT_CONVERSION = YES;
				CLANG_WARN_DIRECT_OBJC_ISA_USAGE = YES_ERROR;
				CLANG_WARN_DOCUMENTATION_COMMENTS = YES;
				CLANG_WARN_EMPTY_BODY = YES;
				CLANG_WARN_ENUM_CONVERSION = YES;
				CLANG_WARN_INFINITE_RECURSION = YES;
				CLANG_WARN_INT_CONVERSION = YES;
				CLANG_WARN_NON_LITERAL_NULL_CONVERSION = YES;
				CLANG_WARN_OBJC_LITERAL_CONVERSION = YES;
				CLANG_WARN_OBJC_ROOT_CLASS = YES_ERROR;
				CLANG_WARN_RANGE_LOOP_ANALYSIS = YES;
				CLANG_WARN_STRICT_PROTOTYPES = YES;
				CLANG_WARN_SUSPICIOUS_MOVE = YES;
				CLANG_WARN_UNGUARDED_AVAILABILITY = YES_AGGRESSIVE;
				CLANG_WARN_UNREACHABLE_CODE = YES;
				CLANG_WARN__DUPLICATE_METHOD_MATCH = YES;
				CODE_SIGN_IDENTITY = "iPhone Developer";
				COPY_PHASE_STRIP = NO;
				DEBUG_INFORMATION_FORMAT = dwarf;
				ENABLE_STRICT_OBJC_MSGSEND = YES;
				ENABLE_TESTABILITY = YES;
				GCC_C_LANGUAGE_STANDARD = gnu11;
				GCC_DYNAMIC_NO_PIC = NO;
				GCC_NO_COMMON_BLOCKS = YES;
				GCC_OPTIMIZATION_LEVEL = 0;
				GCC_PREPROCESSOR_DEFINITIONS = (
					"DEBUG=1",
					"$(inherited)",
				);
				GCC_WARN_64_TO_32_BIT_CONVERSION = YES;
				GCC_WARN_ABOUT_RETURN_TYPE = YES_ERROR;
				GCC_WARN_UNDECLARED_SELECTOR = YES;
				GCC_WARN_UNINITIALIZED_AUTOS = YES_AGGRESSIVE;
				GCC_WARN_UNUSED_FUNCTION = YES;
				GCC_WARN_UNUSED_VARIABLE = YES;
				IPHONEOS_DEPLOYMENT_TARGET = 11.1;
				MTL_ENABLE_DEBUG_INFO = YES;
				ONLY_ACTIVE_ARCH = YES;
				SDKROOT = iphoneos;
				SWIFT_ACTIVE_COMPILATION_CONDITIONS = DEBUG;
				SWIFT_OPTIMIZATION_LEVEL = "-Onone";
			};
			name = Debug;
		};
		36A2FD6E203C537100AFB55F /* Release */ = {
			isa = XCBuildConfiguration;
			buildSettings = {
				ALWAYS_SEARCH_USER_PATHS = NO;
				CLANG_ANALYZER_NONNULL = YES;
				CLANG_ANALYZER_NUMBER_OBJECT_CONVERSION = YES_AGGRESSIVE;
				CLANG_CXX_LANGUAGE_STANDARD = "gnu++14";
				CLANG_CXX_LIBRARY = "libc++";
				CLANG_ENABLE_MODULES = YES;
				CLANG_ENABLE_OBJC_ARC = YES;
				CLANG_WARN_BLOCK_CAPTURE_AUTORELEASING = YES;
				CLANG_WARN_BOOL_CONVERSION = YES;
				CLANG_WARN_COMMA = YES;
				CLANG_WARN_CONSTANT_CONVERSION = YES;
				CLANG_WARN_DIRECT_OBJC_ISA_USAGE = YES_ERROR;
				CLANG_WARN_DOCUMENTATION_COMMENTS = YES;
				CLANG_WARN_EMPTY_BODY = YES;
				CLANG_WARN_ENUM_CONVERSION = YES;
				CLANG_WARN_INFINITE_RECURSION = YES;
				CLANG_WARN_INT_CONVERSION = YES;
				CLANG_WARN_NON_LITERAL_NULL_CONVERSION = YES;
				CLANG_WARN_OBJC_LITERAL_CONVERSION = YES;
				CLANG_WARN_OBJC_ROOT_CLASS = YES_ERROR;
				CLANG_WARN_RANGE_LOOP_ANALYSIS = YES;
				CLANG_WARN_STRICT_PROTOTYPES = YES;
				CLANG_WARN_SUSPICIOUS_MOVE = YES;
				CLANG_WARN_UNGUARDED_AVAILABILITY = YES_AGGRESSIVE;
				CLANG_WARN_UNREACHABLE_CODE = YES;
				CLANG_WARN__DUPLICATE_METHOD_MATCH = YES;
				CODE_SIGN_IDENTITY = "iPhone Developer";
				COPY_PHASE_STRIP = NO;
				DEBUG_INFORMATION_FORMAT = "dwarf-with-dsym";
				ENABLE_NS_ASSERTIONS = NO;
				ENABLE_STRICT_OBJC_MSGSEND = YES;
				GCC_C_LANGUAGE_STANDARD = gnu11;
				GCC_NO_COMMON_BLOCKS = YES;
				GCC_WARN_64_TO_32_BIT_CONVERSION = YES;
				GCC_WARN_ABOUT_RETURN_TYPE = YES_ERROR;
				GCC_WARN_UNDECLARED_SELECTOR = YES;
				GCC_WARN_UNINITIALIZED_AUTOS = YES_AGGRESSIVE;
				GCC_WARN_UNUSED_FUNCTION = YES;
				GCC_WARN_UNUSED_VARIABLE = YES;
				IPHONEOS_DEPLOYMENT_TARGET = 11.1;
				MTL_ENABLE_DEBUG_INFO = NO;
				SDKROOT = iphoneos;
				SWIFT_OPTIMIZATION_LEVEL = "-Owholemodule";
				VALIDATE_PRODUCT = YES;
			};
			name = Release;
		};
		36A2FD70203C537100AFB55F /* Debug */ = {
			isa = XCBuildConfiguration;
			buildSettings = {
				ASSETCATALOG_COMPILER_APPICON_NAME = AppIcon;
				CODE_SIGN_STYLE = Automatic;
				INFOPLIST_FILE = ARPlanets/Info.plist;
				LD_RUNPATH_SEARCH_PATHS = "$(inherited) @executable_path/Frameworks";
				PRODUCT_BUNDLE_IDENTIFIER = edu.self.ARPlanets;
				PRODUCT_NAME = "$(TARGET_NAME)";
				SWIFT_VERSION = 4.0;
				TARGETED_DEVICE_FAMILY = "1,2";
			};
			name = Debug;
		};
		36A2FD71203C537100AFB55F /* Release */ = {
			isa = XCBuildConfiguration;
			buildSettings = {
				ASSETCATALOG_COMPILER_APPICON_NAME = AppIcon;
				CODE_SIGN_STYLE = Automatic;
				INFOPLIST_FILE = ARPlanets/Info.plist;
				LD_RUNPATH_SEARCH_PATHS = "$(inherited) @executable_path/Frameworks";
				PRODUCT_BUNDLE_IDENTIFIER = edu.self.ARPlanets;
				PRODUCT_NAME = "$(TARGET_NAME)";
				SWIFT_VERSION = 4.0;
				TARGETED_DEVICE_FAMILY = "1,2";
			};
			name = Release;
		};
		36A2FD73203C537100AFB55F /* Debug */ = {
			isa = XCBuildConfiguration;
			buildSettings = {
				ALWAYS_EMBED_SWIFT_STANDARD_LIBRARIES = YES;
				BUNDLE_LOADER = "$(TEST_HOST)";
				CODE_SIGN_STYLE = Automatic;
				INFOPLIST_FILE = ARPlanetsTests/Info.plist;
				LD_RUNPATH_SEARCH_PATHS = "$(inherited) @executable_path/Frameworks @loader_path/Frameworks";
				PRODUCT_BUNDLE_IDENTIFIER = edu.self.ARPlanetsTests;
				PRODUCT_NAME = "$(TARGET_NAME)";
				SWIFT_VERSION = 4.0;
				TARGETED_DEVICE_FAMILY = "1,2";
				TEST_HOST = "$(BUILT_PRODUCTS_DIR)/ARPlanets.app/ARPlanets";
			};
			name = Debug;
		};
		36A2FD74203C537100AFB55F /* Release */ = {
			isa = XCBuildConfiguration;
			buildSettings = {
				ALWAYS_EMBED_SWIFT_STANDARD_LIBRARIES = YES;
				BUNDLE_LOADER = "$(TEST_HOST)";
				CODE_SIGN_STYLE = Automatic;
				INFOPLIST_FILE = ARPlanetsTests/Info.plist;
				LD_RUNPATH_SEARCH_PATHS = "$(inherited) @executable_path/Frameworks @loader_path/Frameworks";
				PRODUCT_BUNDLE_IDENTIFIER = edu.self.ARPlanetsTests;
				PRODUCT_NAME = "$(TARGET_NAME)";
				SWIFT_VERSION = 4.0;
				TARGETED_DEVICE_FAMILY = "1,2";
				TEST_HOST = "$(BUILT_PRODUCTS_DIR)/ARPlanets.app/ARPlanets";
			};
			name = Release;
		};
		36A2FD76203C537100AFB55F /* Debug */ = {
			isa = XCBuildConfiguration;
			buildSettings = {
				ALWAYS_EMBED_SWIFT_STANDARD_LIBRARIES = YES;
				CODE_SIGN_STYLE = Automatic;
				INFOPLIST_FILE = ARPlanetsUITests/Info.plist;
				LD_RUNPATH_SEARCH_PATHS = "$(inherited) @executable_path/Frameworks @loader_path/Frameworks";
				PRODUCT_BUNDLE_IDENTIFIER = edu.self.ARPlanetsUITests;
				PRODUCT_NAME = "$(TARGET_NAME)";
				SWIFT_VERSION = 4.0;
				TARGETED_DEVICE_FAMILY = "1,2";
				TEST_TARGET_NAME = ARPlanets;
			};
			name = Debug;
		};
		36A2FD77203C537100AFB55F /* Release */ = {
			isa = XCBuildConfiguration;
			buildSettings = {
				ALWAYS_EMBED_SWIFT_STANDARD_LIBRARIES = YES;
				CODE_SIGN_STYLE = Automatic;
				INFOPLIST_FILE = ARPlanetsUITests/Info.plist;
				LD_RUNPATH_SEARCH_PATHS = "$(inherited) @executable_path/Frameworks @loader_path/Frameworks";
				PRODUCT_BUNDLE_IDENTIFIER = edu.self.ARPlanetsUITests;
				PRODUCT_NAME = "$(TARGET_NAME)";
				SWIFT_VERSION = 4.0;
				TARGETED_DEVICE_FAMILY = "1,2";
				TEST_TARGET_NAME = ARPlanets;
			};
			name = Release;
		};
/* End XCBuildConfiguration section */

/* Begin XCConfigurationList section */
		36A2FD40203C537000AFB55F /* Build configuration list for PBXProject "ARPlanets" */ = {
			isa = XCConfigurationList;
			buildConfigurations = (
				36A2FD6D203C537100AFB55F /* Debug */,
				36A2FD6E203C537100AFB55F /* Release */,
			);
			defaultConfigurationIsVisible = 0;
			defaultConfigurationName = Release;
		};
		36A2FD6F203C537100AFB55F /* Build configuration list for PBXNativeTarget "ARPlanets" */ = {
			isa = XCConfigurationList;
			buildConfigurations = (
				36A2FD70203C537100AFB55F /* Debug */,
				36A2FD71203C537100AFB55F /* Release */,
			);
			defaultConfigurationIsVisible = 0;
			defaultConfigurationName = Release;
		};
		36A2FD72203C537100AFB55F /* Build configuration list for PBXNativeTarget "ARPlanetsTests" */ = {
			isa = XCConfigurationList;
			buildConfigurations = (
				36A2FD73203C537100AFB55F /* Debug */,
				36A2FD74203C537100AFB55F /* Release */,
			);
			defaultConfigurationIsVisible = 0;
			defaultConfigurationName = Release;
		};
		36A2FD75203C537100AFB55F /* Build configuration list for PBXNativeTarget "ARPlanetsUITests" */ = {
			isa = XCConfigurationList;
			buildConfigurations = (
				36A2FD76203C537100AFB55F /* Debug */,
				36A2FD77203C537100AFB55F /* Release */,
			);
			defaultConfigurationIsVisible = 0;
			defaultConfigurationName = Release;
		};
/* End XCConfigurationList section */
	};
	rootObject = 36A2FD3D203C537000AFB55F /* Project object */;
}
